// !$*UTF8*$!
{
	archiveVersion = 1;
	classes = {
	};
	objectVersion = 46;
	objects = {

/* Begin PBXBuildFile section */
		BF81DA5F1AB293A700FFA9DC /* main.m in Sources */ = {isa = PBXBuildFile; fileRef = BF81DA5E1AB293A700FFA9DC /* main.m */; };
		BF81DA621AB293A700FFA9DC /* AppDelegate.m in Sources */ = {isa = PBXBuildFile; fileRef = BF81DA611AB293A700FFA9DC /* AppDelegate.m */; };
		BF81DA651AB293A700FFA9DC /* ViewController.m in Sources */ = {isa = PBXBuildFile; fileRef = BF81DA641AB293A700FFA9DC /* ViewController.m */; };
		BF81DA681AB293A700FFA9DC /* Main.storyboard in Resources */ = {isa = PBXBuildFile; fileRef = BF81DA661AB293A700FFA9DC /* Main.storyboard */; };
		BF81DA6A1AB293A700FFA9DC /* Images.xcassets in Resources */ = {isa = PBXBuildFile; fileRef = BF81DA691AB293A700FFA9DC /* Images.xcassets */; };
		BF81DA6D1AB293A700FFA9DC /* LaunchScreen.xib in Resources */ = {isa = PBXBuildFile; fileRef = BF81DA6B1AB293A700FFA9DC /* LaunchScreen.xib */; };
		BF81DA791AB293A700FFA9DC /* TESTTests.m in Sources */ = {isa = PBXBuildFile; fileRef = BF81DA781AB293A700FFA9DC /* TESTTests.m */; };
/* End PBXBuildFile section */

/* Begin PBXContainerItemProxy section */
		BF81DA731AB293A700FFA9DC /* PBXContainerItemProxy */ = {
			isa = PBXContainerItemProxy;
			containerPortal = BF81DA511AB293A700FFA9DC /* Project object */;
			proxyType = 1;
			remoteGlobalIDString = BF81DA581AB293A700FFA9DC;
			remoteInfo = TEST;
		};
/* End PBXContainerItemProxy section */

/* Begin PBXFileReference section */
		BF81DA591AB293A700FFA9DC /* TEST.app */ = {isa = PBXFileReference; explicitFileType = wrapper.application; includeInIndex = 0; path = TEST.app; sourceTree = BUILT_PRODUCTS_DIR; };
		BF81DA5D1AB293A700FFA9DC /* Info.plist */ = {isa = PBXFileReference; lastKnownFileType = text.plist.xml; path = Info.plist; sourceTree = "<group>"; };
		BF81DA5E1AB293A700FFA9DC /* main.m */ = {isa = PBXFileReference; lastKnownFileType = sourcecode.c.objc; path = main.m; sourceTree = "<group>"; };
		BF81DA601AB293A700FFA9DC /* AppDelegate.h */ = {isa = PBXFileReference; lastKnownFileType = sourcecode.c.h; path = AppDelegate.h; sourceTree = "<group>"; };
		BF81DA611AB293A700FFA9DC /* AppDelegate.m */ = {isa = PBXFileReference; lastKnownFileType = sourcecode.c.objc; path = AppDelegate.m; sourceTree = "<group>"; };
		BF81DA631AB293A700FFA9DC /* ViewController.h */ = {isa = PBXFileReference; lastKnownFileType = sourcecode.c.h; path = ViewController.h; sourceTree = "<group>"; };
		BF81DA641AB293A700FFA9DC /* ViewController.m */ = {isa = PBXFileReference; lastKnownFileType = sourcecode.c.objc; path = ViewController.m; sourceTree = "<group>"; };
		BF81DA671AB293A700FFA9DC /* Base */ = {isa = PBXFileReference; lastKnownFileType = file.storyboard; name = Base; path = Base.lproj/Main.storyboard; sourceTree = "<group>"; };
		BF81DA691AB293A700FFA9DC /* Images.xcassets */ = {isa = PBXFileReference; lastKnownFileType = folder.assetcatalog; path = Images.xcassets; sourceTree = "<group>"; };
		BF81DA6C1AB293A700FFA9DC /* Base */ = {isa = PBXFileReference; lastKnownFileType = file.xib; name = Base; path = Base.lproj/LaunchScreen.xib; sourceTree = "<group>"; };
		BF81DA721AB293A700FFA9DC /* TESTTests.xctest */ = {isa = PBXFileReference; explicitFileType = wrapper.cfbundle; includeInIndex = 0; path = TESTTests.xctest; sourceTree = BUILT_PRODUCTS_DIR; };
		BF81DA771AB293A700FFA9DC /* Info.plist */ = {isa = PBXFileReference; lastKnownFileType = text.plist.xml; path = Info.plist; sourceTree = "<group>"; };
		BF81DA781AB293A700FFA9DC /* TESTTests.m */ = {isa = PBXFileReference; lastKnownFileType = sourcecode.c.objc; path = TESTTests.m; sourceTree = "<group>"; };
/* End PBXFileReference section */

/* Begin PBXFrameworksBuildPhase section */
		BF81DA561AB293A700FFA9DC /* Frameworks */ = {
			isa = PBXFrameworksBuildPhase;
			buildActionMask = 2147483647;
			files = (
			);
			runOnlyForDeploymentPostprocessing = 0;
		};
		BF81DA6F1AB293A700FFA9DC /* Frameworks */ = {
			isa = PBXFrameworksBuildPhase;
			buildActionMask = 2147483647;
			files = (
			);
			runOnlyForDeploymentPostprocessing = 0;
		};
/* End PBXFrameworksBuildPhase section */

/* Begin PBXGroup section */
		BF81DA501AB293A700FFA9DC = {
			isa = PBXGroup;
			children = (
				BF81DA5B1AB293A700FFA9DC /* TEST */,
				BF81DA751AB293A700FFA9DC /* TESTTests */,
				BF81DA5A1AB293A700FFA9DC /* Products */,
			);
			sourceTree = "<group>";
		};
		BF81DA5A1AB293A700FFA9DC /* Products */ = {
			isa = PBXGroup;
			children = (
				BF81DA591AB293A700FFA9DC /* TEST.app */,
				BF81DA721AB293A700FFA9DC /* TESTTests.xctest */,
			);
			name = Products;
			sourceTree = "<group>";
		};
		BF81DA5B1AB293A700FFA9DC /* TEST */ = {
			isa = PBXGroup;
			children = (
				BF81DA601AB293A700FFA9DC /* AppDelegate.h */,
				BF81DA611AB293A700FFA9DC /* AppDelegate.m */,
				BF81DA631AB293A700FFA9DC /* ViewController.h */,
				BF81DA641AB293A700FFA9DC /* ViewController.m */,
				BF81DA661AB293A700FFA9DC /* Main.storyboard */,
				BF81DA691AB293A700FFA9DC /* Images.xcassets */,
				BF81DA6B1AB293A700FFA9DC /* LaunchScreen.xib */,
				BF81DA5C1AB293A700FFA9DC /* Supporting Files */,
			);
			path = TEST;
			sourceTree = "<group>";
		};
		BF81DA5C1AB293A700FFA9DC /* Supporting Files */ = {
			isa = PBXGroup;
			children = (
				BF81DA5D1AB293A700FFA9DC /* Info.plist */,
				BF81DA5E1AB293A700FFA9DC /* main.m */,
			);
			name = "Supporting Files";
			sourceTree = "<group>";
		};
		BF81DA751AB293A700FFA9DC /* TESTTests */ = {
			isa = PBXGroup;
			children = (
				BF81DA781AB293A700FFA9DC /* TESTTests.m */,
				BF81DA761AB293A700FFA9DC /* Supporting Files */,
			);
			path = TESTTests;
			sourceTree = "<group>";
		};
		BF81DA761AB293A700FFA9DC /* Supporting Files */ = {
			isa = PBXGroup;
			children = (
				BF81DA771AB293A700FFA9DC /* Info.plist */,
			);
			name = "Supporting Files";
			sourceTree = "<group>";
		};
/* End PBXGroup section */

/* Begin PBXNativeTarget section */
		BF81DA581AB293A700FFA9DC /* TEST */ = {
			isa = PBXNativeTarget;
			buildConfigurationList = BF81DA7C1AB293A700FFA9DC /* Build configuration list for PBXNativeTarget "TEST" */;
			buildPhases = (
				BF81DA551AB293A700FFA9DC /* Sources */,
				BF81DA561AB293A700FFA9DC /* Frameworks */,
				BF81DA571AB293A700FFA9DC /* Resources */,
			);
			buildRules = (
			);
			dependencies = (
			);
			name = TEST;
			productName = TEST;
			productReference = BF81DA591AB293A700FFA9DC /* TEST.app */;
			productType = "com.apple.product-type.application";
		};
		BF81DA711AB293A700FFA9DC /* TESTTests */ = {
			isa = PBXNativeTarget;
			buildConfigurationList = BF81DA7F1AB293A700FFA9DC /* Build configuration list for PBXNativeTarget "TESTTests" */;
			buildPhases = (
				BF81DA6E1AB293A700FFA9DC /* Sources */,
				BF81DA6F1AB293A700FFA9DC /* Frameworks */,
				BF81DA701AB293A700FFA9DC /* Resources */,
			);
			buildRules = (
			);
			dependencies = (
				BF81DA741AB293A700FFA9DC /* PBXTargetDependency */,
			);
			name = TESTTests;
			productName = TESTTests;
			productReference = BF81DA721AB293A700FFA9DC /* TESTTests.xctest */;
			productType = "com.apple.product-type.bundle.unit-test";
		};
/* End PBXNativeTarget section */

/* Begin PBXProject section */
		BF81DA511AB293A700FFA9DC /* Project object */ = {
			isa = PBXProject;
			attributes = {
				LastUpgradeCheck = 0610;
				ORGANIZATIONNAME = "Licheng Guo . http://nsobject.me/";
				TargetAttributes = {
					BF81DA581AB293A700FFA9DC = {
						CreatedOnToolsVersion = 6.1;
					};
					BF81DA711AB293A700FFA9DC = {
						CreatedOnToolsVersion = 6.1;
						TestTargetID = BF81DA581AB293A700FFA9DC;
					};
				};
			};
			buildConfigurationList = BF81DA541AB293A700FFA9DC /* Build configuration list for PBXProject "TEST" */;
			compatibilityVersion = "Xcode 3.2";
			developmentRegion = English;
			hasScannedForEncodings = 0;
			knownRegions = (
				en,
				Base,
			);
			mainGroup = BF81DA501AB293A700FFA9DC;
			productRefGroup = BF81DA5A1AB293A700FFA9DC /* Products */;
			projectDirPath = "";
			projectRoot = "";
			targets = (
				BF81DA581AB293A700FFA9DC /* TEST */,
				BF81DA711AB293A700FFA9DC /* TESTTests */,
			);
		};
/* End PBXProject section */

/* Begin PBXResourcesBuildPhase section */
		BF81DA571AB293A700FFA9DC /* Resources */ = {
			isa = PBXResourcesBuildPhase;
			buildActionMask = 2147483647;
			files = (
				BF81DA681AB293A700FFA9DC /* Main.storyboard in Resources */,
				BF81DA6D1AB293A700FFA9DC /* LaunchScreen.xib in Resources */,
				BF81DA6A1AB293A700FFA9DC /* Images.xcassets in Resources */,
			);
			runOnlyForDeploymentPostprocessing = 0;
		};
		BF81DA701AB293A700FFA9DC /* Resources */ = {
			isa = PBXResourcesBuildPhase;
			buildActionMask = 2147483647;
			files = (
			);
			runOnlyForDeploymentPostprocessing = 0;
		};
/* End PBXResourcesBuildPhase section */

/* Begin PBXSourcesBuildPhase section */
		BF81DA551AB293A700FFA9DC /* Sources */ = {
			isa = PBXSourcesBuildPhase;
			buildActionMask = 2147483647;
			files = (
				BF81DA651AB293A700FFA9DC /* ViewController.m in Sources */,
				BF81DA621AB293A700FFA9DC /* AppDelegate.m in Sources */,
				BF81DA5F1AB293A700FFA9DC /* main.m in Sources */,
			);
			runOnlyForDeploymentPostprocessing = 0;
		};
		BF81DA6E1AB293A700FFA9DC /* Sources */ = {
			isa = PBXSourcesBuildPhase;
			buildActionMask = 2147483647;
			files = (
				BF81DA791AB293A700FFA9DC /* TESTTests.m in Sources */,
			);
			runOnlyForDeploymentPostprocessing = 0;
		};
/* End PBXSourcesBuildPhase section */

/* Begin PBXTargetDependency section */
		BF81DA741AB293A700FFA9DC /* PBXTargetDependency */ = {
			isa = PBXTargetDependency;
			target = BF81DA581AB293A700FFA9DC /* TEST */;
			targetProxy = BF81DA731AB293A700FFA9DC /* PBXContainerItemProxy */;
		};
/* End PBXTargetDependency section */

/* Begin PBXVariantGroup section */
		BF81DA661AB293A700FFA9DC /* Main.storyboard */ = {
			isa = PBXVariantGroup;
			children = (
				BF81DA671AB293A700FFA9DC /* Base */,
			);
			name = Main.storyboard;
			sourceTree = "<group>";
		};
		BF81DA6B1AB293A700FFA9DC /* LaunchScreen.xib */ = {
			isa = PBXVariantGroup;
			children = (
				BF81DA6C1AB293A700FFA9DC /* Base */,
			);
			name = LaunchScreen.xib;
			sourceTree = "<group>";
		};
/* End PBXVariantGroup section */

/* Begin XCBuildConfiguration section */
		BF81DA7A1AB293A700FFA9DC /* Debug */ = {
			isa = XCBuildConfiguration;
			buildSettings = {
				ALWAYS_SEARCH_USER_PATHS = NO;
				CLANG_CXX_LANGUAGE_STANDARD = "gnu++0x";
				CLANG_CXX_LIBRARY = "libc++";
				CLANG_ENABLE_MODULES = YES;
				CLANG_ENABLE_OBJC_ARC = YES;
				CLANG_WARN_BOOL_CONVERSION = YES;
				CLANG_WARN_CONSTANT_CONVERSION = YES;
				CLANG_WARN_DIRECT_OBJC_ISA_USAGE = YES_ERROR;
				CLANG_WARN_EMPTY_BODY = YES;
				CLANG_WARN_ENUM_CONVERSION = YES;
				CLANG_WARN_INT_CONVERSION = YES;
				CLANG_WARN_OBJC_ROOT_CLASS = YES_ERROR;
				CLANG_WARN_UNREACHABLE_CODE = YES;
				CLANG_WARN__DUPLICATE_METHOD_MATCH = YES;
				"CODE_SIGN_IDENTITY[sdk=iphoneos*]" = "iPhone Developer";
				COPY_PHASE_STRIP = NO;
				ENABLE_STRICT_OBJC_MSGSEND = YES;
				GCC_C_LANGUAGE_STANDARD = gnu99;
				GCC_DYNAMIC_NO_PIC = NO;
				GCC_OPTIMIZATION_LEVEL = 0;
				GCC_PREPROCESSOR_DEFINITIONS = (
					"DEBUG=1",
					"$(inherited)",
				);
				GCC_SYMBOLS_PRIVATE_EXTERN = NO;
				GCC_WARN_64_TO_32_BIT_CONVERSION = YES;
				GCC_WARN_ABOUT_RETURN_TYPE = YES_ERROR;
				GCC_WARN_UNDECLARED_SELECTOR = YES;
				GCC_WARN_UNINITIALIZED_AUTOS = YES_AGGRESSIVE;
				GCC_WARN_UNUSED_FUNCTION = YES;
				GCC_WARN_UNUSED_VARIABLE = YES;
				IPHONEOS_DEPLOYMENT_TARGET = 8.1;
				MTL_ENABLE_DEBUG_INFO = YES;
				ONLY_ACTIVE_ARCH = YES;
				SDKROOT = iphoneos;
			};
			name = Debug;
		};
		BF81DA7B1AB293A700FFA9DC /* Release */ = {
			isa = XCBuildConfiguration;
			buildSettings = {
				ALWAYS_SEARCH_USER_PATHS = NO;
				CLANG_CXX_LANGUAGE_STANDARD = "gnu++0x";
				CLANG_CXX_LIBRARY = "libc++";
				CLANG_ENABLE_MODULES = YES;
				CLANG_ENABLE_OBJC_ARC = YES;
				CLANG_WARN_BOOL_CONVERSION = YES;
				CLANG_WARN_CONSTANT_CONVERSION = YES;
				CLANG_WARN_DIRECT_OBJC_ISA_USAGE = YES_ERROR;
				CLANG_WARN_EMPTY_BODY = YES;
				CLANG_WARN_ENUM_CONVERSION = YES;
				CLANG_WARN_INT_CONVERSION = YES;
				CLANG_WARN_OBJC_ROOT_CLASS = YES_ERROR;
				CLANG_WARN_UNREACHABLE_CODE = YES;
				CLANG_WARN__DUPLICATE_METHOD_MATCH = YES;
				"CODE_SIGN_IDENTITY[sdk=iphoneos*]" = "iPhone Developer";
				COPY_PHASE_STRIP = YES;
				ENABLE_NS_ASSERTIONS = NO;
				ENABLE_STRICT_OBJC_MSGSEND = YES;
				GCC_C_LANGUAGE_STANDARD = gnu99;
				GCC_WARN_64_TO_32_BIT_CONVERSION = YES;
				GCC_WARN_ABOUT_RETURN_TYPE = YES_ERROR;
				GCC_WARN_UNDECLARED_SELECTOR = YES;
				GCC_WARN_UNINITIALIZED_AUTOS = YES_AGGRESSIVE;
				GCC_WARN_UNUSED_FUNCTION = YES;
				GCC_WARN_UNUSED_VARIABLE = YES;
				IPHONEOS_DEPLOYMENT_TARGET = 8.1;
				MTL_ENABLE_DEBUG_INFO = NO;
				SDKROOT = iphoneos;
				VALIDATE_PRODUCT = YES;
			};
			name = Release;
		};
		BF81DA7D1AB293A700FFA9DC /* Debug */ = {
			isa = XCBuildConfiguration;
			buildSettings = {
				ASSETCATALOG_COMPILER_APPICON_NAME = AppIcon;
				CLANG_ENABLE_OBJC_ARC = NO;
				INFOPLIST_FILE = TEST/Info.plist;
				LD_RUNPATH_SEARCH_PATHS = "$(inherited) @executable_path/Frameworks";
				PRODUCT_NAME = "$(TARGET_NAME)";
			};
			name = Debug;
		};
		BF81DA7E1AB293A700FFA9DC /* Release */ = {
			isa = XCBuildConfiguration;
			buildSettings = {
				ASSETCATALOG_COMPILER_APPICON_NAME = AppIcon;
				CLANG_ENABLE_OBJC_ARC = NO;
				INFOPLIST_FILE = TEST/Info.plist;
				LD_RUNPATH_SEARCH_PATHS = "$(inherited) @executable_path/Frameworks";
				PRODUCT_NAME = "$(TARGET_NAME)";
			};
			name = Release;
		};
		BF81DA801AB293A700FFA9DC /* Debug */ = {
			isa = XCBuildConfiguration;
			buildSettings = {
				BUNDLE_LOADER = "$(TEST_HOST)";
				FRAMEWORK_SEARCH_PATHS = (
					"$(SDKROOT)/Developer/Library/Frameworks",
					"$(inherited)",
				);
				GCC_PREPROCESSOR_DEFINITIONS = (
					"DEBUG=1",
					"$(inherited)",
				);
				INFOPLIST_FILE = TESTTests/Info.plist;
				LD_RUNPATH_SEARCH_PATHS = "$(inherited) @executable_path/Frameworks @loader_path/Frameworks";
				PRODUCT_NAME = "$(TARGET_NAME)";
				TEST_HOST = "$(BUILT_PRODUCTS_DIR)/TEST.app/TEST";
			};
			name = Debug;
		};
		BF81DA811AB293A700FFA9DC /* Release */ = {
			isa = XCBuildConfiguration;
			buildSettings = {
				BUNDLE_LOADER = "$(TEST_HOST)";
				FRAMEWORK_SEARCH_PATHS = (
					"$(SDKROOT)/Developer/Library/Frameworks",
					"$(inherited)",
				);
				INFOPLIST_FILE = TESTTests/Info.plist;
				LD_RUNPATH_SEARCH_PATHS = "$(inherited) @executable_path/Frameworks @loader_path/Frameworks";
				PRODUCT_NAME = "$(TARGET_NAME)";
				TEST_HOST = "$(BUILT_PRODUCTS_DIR)/TEST.app/TEST";
			};
			name = Release;
		};
/* End XCBuildConfiguration section */

/* Begin XCConfigurationList section */
		BF81DA541AB293A700FFA9DC /* Build configuration list for PBXProject "TEST" */ = {
			isa = XCConfigurationList;
			buildConfigurations = (
				BF81DA7A1AB293A700FFA9DC /* Debug */,
				BF81DA7B1AB293A700FFA9DC /* Release */,
			);
			defaultConfigurationIsVisible = 0;
			defaultConfigurationName = Release;
		};
		BF81DA7C1AB293A700FFA9DC /* Build configuration list for PBXNativeTarget "TEST" */ = {
			isa = XCConfigurationList;
			buildConfigurations = (
				BF81DA7D1AB293A700FFA9DC /* Debug */,
				BF81DA7E1AB293A700FFA9DC /* Release */,
			);
			defaultConfigurationIsVisible = 0;
		};
		BF81DA7F1AB293A700FFA9DC /* Build configuration list for PBXNativeTarget "TESTTests" */ = {
			isa = XCConfigurationList;
			buildConfigurations = (
				BF81DA801AB293A700FFA9DC /* Debug */,
				BF81DA811AB293A700FFA9DC /* Release */,
			);
			defaultConfigurationIsVisible = 0;
		};
/* End XCConfigurationList section */
	};
	rootObject = BF81DA511AB293A700FFA9DC /* Project object */;
}
